
Microsoft Visual Studio Solution File, Format Version 12.00
# Visual Studio Version 17
VisualStudioVersion = 17.9.34728.123
MinimumVisualStudioVersion = 10.0.40219.1
Project("{8BC9CEB8-8B4A-11D0-8D11-00A0C91BC942}") = "MT3_2_1", "MT3_2_1.vcxproj", "{F2D0CBD7-E461-40A3-BF11-887128022CA8}"
EndProject
Global
	GlobalSection(SolutionConfigurationPlatforms) = preSolution
		Debug|x64 = Debug|x64
		Release|x64 = Release|x64
	EndGlobalSection
	GlobalSection(ProjectConfigurationPlatforms) = postSolution
		{F2D0CBD7-E461-40A3-BF11-887128022CA8}.Debug|x64.ActiveCfg = Debug|x64
		{F2D0CBD7-E461-40A3-BF11-887128022CA8}.Debug|x64.Build.0 = Debug|x64
		{F2D0CBD7-E461-40A3-BF11-887128022CA8}.Release|x64.ActiveCfg = Release|x64
		{F2D0CBD7-E461-40A3-BF11-887128022CA8}.Release|x64.Build.0 = Release|x64
	EndGlobalSection
	GlobalSection(SolutionProperties) = preSolution
		HideSolutionNode = FALSE
	EndGlobalSection
	GlobalSection(ExtensibilityGlobals) = postSolution
		SolutionGuid = {CAEEBFF6-FC99-4BCA-8533-2AF906579A2A}
	EndGlobalSection
EndGlobal
